GEM
  remote: https://rubygems.org/
  specs:
    google-protobuf (3.25.5)
    googleapis-common-protos-types (1.15.0)
      google-protobuf (>= 3.18, < 5.a)
    grpc (1.62.0)
      google-protobuf (~> 3.25)
      googleapis-common-protos-types (~> 1.0)
    grpc (1.62.0-x86_64-linux)
      google-protobuf (~> 3.25)
      googleapis-common-protos-types (~> 1.0)
    multi_json (1.15.0)

PLATFORMS
  ruby
  x86_64-linux

DEPENDENCIES
  google-protobuf (~> 3.25, >= 3.25.5)
  grpc (~> 1.62)
  multi_json (~> 1.15)

BUNDLED WITH
   2.4.0
